
Microsoft Visual Studio Solution File, Format Version 12.00
# Visual Studio Version 17
VisualStudioVersion = 17.11.35327.3
MinimumVisualStudioVersion = 10.0.40219.1
Project("{FAE04EC0-301F-11D3-BF4B-00C04F79EFBC}") = "Lesson04", "Lesson04.csproj", "{0CF9FA87-4273-40DF-AF00-C00C61BFEB19}"
EndProject
Global
	GlobalSection(SolutionConfigurationPlatforms) = preSolution
		Debug|Any CPU = Debug|Any CPU
		Release|Any CPU = Release|Any CPU
	EndGlobalSection
	GlobalSection(ProjectConfigurationPlatforms) = postSolution
		{0CF9FA87-4273-40DF-AF00-C00C61BFEB19}.Debug|Any CPU.ActiveCfg = Debug|Any CPU
		{0CF9FA87-4273-40DF-AF00-C00C61BFEB19}.Debug|Any CPU.Build.0 = Debug|Any CPU
		{0CF9FA87-4273-40DF-AF00-C00C61BFEB19}.Release|Any CPU.ActiveCfg = Release|Any CPU
		{0CF9FA87-4273-40DF-AF00-C00C61BFEB19}.Release|Any CPU.Build.0 = Release|Any CPU
	EndGlobalSection
	GlobalSection(SolutionProperties) = preSolution
		HideSolutionNode = FALSE
	EndGlobalSection
	GlobalSection(ExtensibilityGlobals) = postSolution
		SolutionGuid = {F81B19EC-E031-432F-8AD7-80D8C22F05CF}
	EndGlobalSection
EndGlobal
